PODS:
  - ReactiveCocoa (2.5):
    - ReactiveCocoa/UI (= 2.5)
  - ReactiveCocoa/Core (2.5):
    - ReactiveCocoa/no-arc
  - ReactiveCocoa/no-arc (2.5)
  - ReactiveCocoa/UI (2.5):
    - ReactiveCocoa/Core

DEPENDENCIES:
  - ReactiveCocoa (~> 2.5)

SPEC CHECKSUMS:
  ReactiveCocoa: e2db045570aa97c695e7aa97c2bcab222ae51f4a

PODFILE CHECKSUM: 43f52cf894f13a80898d0509518119e5edf8b901

COCOAPODS: 1.2.0
